// !$*UTF8*$!
{
	archiveVersion = 1;
	classes = {
	};
	objectVersion = 56;
	objects = {

/* Begin PBXBuildFile section */
		56A3811A2B0C890000E2D499 /* AppDelegate.swift in Sources */ = {isa = PBXBuildFile; fileRef = 56A381192B0C890000E2D499 /* AppDelegate.swift */; };
		56A3811C2B0C890000E2D499 /* SceneDelegate.swift in Sources */ = {isa = PBXBuildFile; fileRef = 56A3811B2B0C890000E2D499 /* SceneDelegate.swift */; };
		56A3811E2B0C890000E2D499 /* ViewController.swift in Sources */ = {isa = PBXBuildFile; fileRef = 56A3811D2B0C890000E2D499 /* ViewController.swift */; };
		56A381212B0C890000E2D499 /* Main.storyboard in Resources */ = {isa = PBXBuildFile; fileRef = 56A3811F2B0C890000E2D499 /* Main.storyboard */; };
		56A381232B0C890200E2D499 /* Assets.xcassets in Resources */ = {isa = PBXBuildFile; fileRef = 56A381222B0C890200E2D499 /* Assets.xcassets */; };
		56A381262B0C890200E2D499 /* LaunchScreen.storyboard in Resources */ = {isa = PBXBuildFile; fileRef = 56A381242B0C890200E2D499 /* LaunchScreen.storyboard */; };
		56A381312B0C890200E2D499 /* MoviesInfoSugarBoxTests.swift in Sources */ = {isa = PBXBuildFile; fileRef = 56A381302B0C890200E2D499 /* MoviesInfoSugarBoxTests.swift */; };
		56A3813B2B0C890200E2D499 /* MoviesInfoSugarBoxUITests.swift in Sources */ = {isa = PBXBuildFile; fileRef = 56A3813A2B0C890200E2D499 /* MoviesInfoSugarBoxUITests.swift */; };
		56A3813D2B0C890200E2D499 /* MoviesInfoSugarBoxUITestsLaunchTests.swift in Sources */ = {isa = PBXBuildFile; fileRef = 56A3813C2B0C890200E2D499 /* MoviesInfoSugarBoxUITestsLaunchTests.swift */; };
		56A3814B2B0CAA9400E2D499 /* HomeViewController.swift in Sources */ = {isa = PBXBuildFile; fileRef = 56A3814A2B0CAA9400E2D499 /* HomeViewController.swift */; };
		56A3814E2B0CC9FB00E2D499 /* BaseTableTableViewController.swift in Sources */ = {isa = PBXBuildFile; fileRef = 56A3814D2B0CC9FB00E2D499 /* BaseTableTableViewController.swift */; };
		56A381502B0CCA2800E2D499 /* BaseViewModel.swift in Sources */ = {isa = PBXBuildFile; fileRef = 56A3814F2B0CCA2800E2D499 /* BaseViewModel.swift */; };
		56A381522B0CCA7F00E2D499 /* CellProtocol.swift in Sources */ = {isa = PBXBuildFile; fileRef = 56A381512B0CCA7F00E2D499 /* CellProtocol.swift */; };
		56A381552B0CCC6400E2D499 /* HomeViewModel.swift in Sources */ = {isa = PBXBuildFile; fileRef = 56A381542B0CCC6400E2D499 /* HomeViewModel.swift */; };
		56A381572B0CCC8C00E2D499 /* SongsModel.swift in Sources */ = {isa = PBXBuildFile; fileRef = 56A381562B0CCC8C00E2D499 /* SongsModel.swift */; };
		56A3815A2B0CD8C300E2D499 /* HomeModel.swift in Sources */ = {isa = PBXBuildFile; fileRef = 56A381592B0CD8C300E2D499 /* HomeModel.swift */; };
		56A3815D2B0CD96E00E2D499 /* HomePageApi.swift in Sources */ = {isa = PBXBuildFile; fileRef = 56A3815C2B0CD96E00E2D499 /* HomePageApi.swift */; };
		56A3815F2B0CD9B500E2D499 /* NetworkManager.swift in Sources */ = {isa = PBXBuildFile; fileRef = 56A3815E2B0CD9B500E2D499 /* NetworkManager.swift */; };
/* End PBXBuildFile section */

/* Begin PBXContainerItemProxy section */
		56A3812D2B0C890200E2D499 /* PBXContainerItemProxy */ = {
			isa = PBXContainerItemProxy;
			containerPortal = 56A3810E2B0C890000E2D499 /* Project object */;
			proxyType = 1;
			remoteGlobalIDString = 56A381152B0C890000E2D499;
			remoteInfo = MoviesInfoSugarBox;
		};
		56A381372B0C890200E2D499 /* PBXContainerItemProxy */ = {
			isa = PBXContainerItemProxy;
			containerPortal = 56A3810E2B0C890000E2D499 /* Project object */;
			proxyType = 1;
			remoteGlobalIDString = 56A381152B0C890000E2D499;
			remoteInfo = MoviesInfoSugarBox;
		};
/* End PBXContainerItemProxy section */

/* Begin PBXFileReference section */
		56A381162B0C890000E2D499 /* MoviesInfoSugarBox.app */ = {isa = PBXFileReference; explicitFileType = wrapper.application; includeInIndex = 0; path = MoviesInfoSugarBox.app; sourceTree = BUILT_PRODUCTS_DIR; };
		56A381192B0C890000E2D499 /* AppDelegate.swift */ = {isa = PBXFileReference; lastKnownFileType = sourcecode.swift; path = AppDelegate.swift; sourceTree = "<group>"; };
		56A3811B2B0C890000E2D499 /* SceneDelegate.swift */ = {isa = PBXFileReference; lastKnownFileType = sourcecode.swift; path = SceneDelegate.swift; sourceTree = "<group>"; };
		56A3811D2B0C890000E2D499 /* ViewController.swift */ = {isa = PBXFileReference; lastKnownFileType = sourcecode.swift; path = ViewController.swift; sourceTree = "<group>"; };
		56A381202B0C890000E2D499 /* Base */ = {isa = PBXFileReference; lastKnownFileType = file.storyboard; name = Base; path = Base.lproj/Main.storyboard; sourceTree = "<group>"; };
		56A381222B0C890200E2D499 /* Assets.xcassets */ = {isa = PBXFileReference; lastKnownFileType = folder.assetcatalog; path = Assets.xcassets; sourceTree = "<group>"; };
		56A381252B0C890200E2D499 /* Base */ = {isa = PBXFileReference; lastKnownFileType = file.storyboard; name = Base; path = Base.lproj/LaunchScreen.storyboard; sourceTree = "<group>"; };
		56A381272B0C890200E2D499 /* Info.plist */ = {isa = PBXFileReference; lastKnownFileType = text.plist.xml; path = Info.plist; sourceTree = "<group>"; };
		56A3812C2B0C890200E2D499 /* MoviesInfoSugarBoxTests.xctest */ = {isa = PBXFileReference; explicitFileType = wrapper.cfbundle; includeInIndex = 0; path = MoviesInfoSugarBoxTests.xctest; sourceTree = BUILT_PRODUCTS_DIR; };
		56A381302B0C890200E2D499 /* MoviesInfoSugarBoxTests.swift */ = {isa = PBXFileReference; lastKnownFileType = sourcecode.swift; path = MoviesInfoSugarBoxTests.swift; sourceTree = "<group>"; };
		56A381362B0C890200E2D499 /* MoviesInfoSugarBoxUITests.xctest */ = {isa = PBXFileReference; explicitFileType = wrapper.cfbundle; includeInIndex = 0; path = MoviesInfoSugarBoxUITests.xctest; sourceTree = BUILT_PRODUCTS_DIR; };
		56A3813A2B0C890200E2D499 /* MoviesInfoSugarBoxUITests.swift */ = {isa = PBXFileReference; lastKnownFileType = sourcecode.swift; path = MoviesInfoSugarBoxUITests.swift; sourceTree = "<group>"; };
		56A3813C2B0C890200E2D499 /* MoviesInfoSugarBoxUITestsLaunchTests.swift */ = {isa = PBXFileReference; lastKnownFileType = sourcecode.swift; path = MoviesInfoSugarBoxUITestsLaunchTests.swift; sourceTree = "<group>"; };
		56A3814A2B0CAA9400E2D499 /* HomeViewController.swift */ = {isa = PBXFileReference; lastKnownFileType = sourcecode.swift; path = HomeViewController.swift; sourceTree = "<group>"; };
		56A3814D2B0CC9FB00E2D499 /* BaseTableTableViewController.swift */ = {isa = PBXFileReference; lastKnownFileType = sourcecode.swift; path = BaseTableTableViewController.swift; sourceTree = "<group>"; };
		56A3814F2B0CCA2800E2D499 /* BaseViewModel.swift */ = {isa = PBXFileReference; lastKnownFileType = sourcecode.swift; path = BaseViewModel.swift; sourceTree = "<group>"; };
		56A381512B0CCA7F00E2D499 /* CellProtocol.swift */ = {isa = PBXFileReference; lastKnownFileType = sourcecode.swift; path = CellProtocol.swift; sourceTree = "<group>"; };
		56A381542B0CCC6400E2D499 /* HomeViewModel.swift */ = {isa = PBXFileReference; lastKnownFileType = sourcecode.swift; path = HomeViewModel.swift; sourceTree = "<group>"; };
		56A381562B0CCC8C00E2D499 /* SongsModel.swift */ = {isa = PBXFileReference; lastKnownFileType = sourcecode.swift; path = SongsModel.swift; sourceTree = "<group>"; };
		56A381592B0CD8C300E2D499 /* HomeModel.swift */ = {isa = PBXFileReference; lastKnownFileType = sourcecode.swift; path = HomeModel.swift; sourceTree = "<group>"; };
		56A3815C2B0CD96E00E2D499 /* HomePageApi.swift */ = {isa = PBXFileReference; lastKnownFileType = sourcecode.swift; path = HomePageApi.swift; sourceTree = "<group>"; };
		56A3815E2B0CD9B500E2D499 /* NetworkManager.swift */ = {isa = PBXFileReference; lastKnownFileType = sourcecode.swift; path = NetworkManager.swift; sourceTree = "<group>"; };
/* End PBXFileReference section */

/* Begin PBXFrameworksBuildPhase section */
		56A381132B0C890000E2D499 /* Frameworks */ = {
			isa = PBXFrameworksBuildPhase;
			buildActionMask = 2147483647;
			files = (
			);
			runOnlyForDeploymentPostprocessing = 0;
		};
		56A381292B0C890200E2D499 /* Frameworks */ = {
			isa = PBXFrameworksBuildPhase;
			buildActionMask = 2147483647;
			files = (
			);
			runOnlyForDeploymentPostprocessing = 0;
		};
		56A381332B0C890200E2D499 /* Frameworks */ = {
			isa = PBXFrameworksBuildPhase;
			buildActionMask = 2147483647;
			files = (
			);
			runOnlyForDeploymentPostprocessing = 0;
		};
/* End PBXFrameworksBuildPhase section */

/* Begin PBXGroup section */
		56A3810D2B0C890000E2D499 = {
			isa = PBXGroup;
			children = (
				56A381182B0C890000E2D499 /* MoviesInfoSugarBox */,
				56A3812F2B0C890200E2D499 /* MoviesInfoSugarBoxTests */,
				56A381392B0C890200E2D499 /* MoviesInfoSugarBoxUITests */,
				56A381172B0C890000E2D499 /* Products */,
			);
			sourceTree = "<group>";
		};
		56A381172B0C890000E2D499 /* Products */ = {
			isa = PBXGroup;
			children = (
				56A381162B0C890000E2D499 /* MoviesInfoSugarBox.app */,
				56A3812C2B0C890200E2D499 /* MoviesInfoSugarBoxTests.xctest */,
				56A381362B0C890200E2D499 /* MoviesInfoSugarBoxUITests.xctest */,
			);
			name = Products;
			sourceTree = "<group>";
		};
		56A381182B0C890000E2D499 /* MoviesInfoSugarBox */ = {
			isa = PBXGroup;
			children = (
				56A381492B0CA94500E2D499 /* App */,
				56A381192B0C890000E2D499 /* AppDelegate.swift */,
				56A3811B2B0C890000E2D499 /* SceneDelegate.swift */,
				56A3811D2B0C890000E2D499 /* ViewController.swift */,
				56A3811F2B0C890000E2D499 /* Main.storyboard */,
				56A381222B0C890200E2D499 /* Assets.xcassets */,
				56A381242B0C890200E2D499 /* LaunchScreen.storyboard */,
				56A381272B0C890200E2D499 /* Info.plist */,
			);
			path = MoviesInfoSugarBox;
			sourceTree = "<group>";
		};
		56A3812F2B0C890200E2D499 /* MoviesInfoSugarBoxTests */ = {
			isa = PBXGroup;
			children = (
				56A381302B0C890200E2D499 /* MoviesInfoSugarBoxTests.swift */,
			);
			path = MoviesInfoSugarBoxTests;
			sourceTree = "<group>";
		};
		56A381392B0C890200E2D499 /* MoviesInfoSugarBoxUITests */ = {
			isa = PBXGroup;
			children = (
				56A3813A2B0C890200E2D499 /* MoviesInfoSugarBoxUITests.swift */,
				56A3813C2B0C890200E2D499 /* MoviesInfoSugarBoxUITestsLaunchTests.swift */,
			);
			path = MoviesInfoSugarBoxUITests;
			sourceTree = "<group>";
		};
		56A381492B0CA94500E2D499 /* App */ = {
			isa = PBXGroup;
			children = (
				56A3815B2B0CD94B00E2D499 /* Api */,
				56A381582B0CD8B300E2D499 /* Model */,
				56A381532B0CCC5900E2D499 /* ViewModel */,
				56A3814C2B0CC9E500E2D499 /* Common */,
				56A3814A2B0CAA9400E2D499 /* HomeViewController.swift */,
			);
			path = App;
			sourceTree = "<group>";
		};
		56A3814C2B0CC9E500E2D499 /* Common */ = {
			isa = PBXGroup;
			children = (
				56A3814D2B0CC9FB00E2D499 /* BaseTableTableViewController.swift */,
				56A3814F2B0CCA2800E2D499 /* BaseViewModel.swift */,
				56A381512B0CCA7F00E2D499 /* CellProtocol.swift */,
			);
			path = Common;
			sourceTree = "<group>";
		};
		56A381532B0CCC5900E2D499 /* ViewModel */ = {
			isa = PBXGroup;
			children = (
				56A381542B0CCC6400E2D499 /* HomeViewModel.swift */,
				56A381562B0CCC8C00E2D499 /* SongsModel.swift */,
			);
			path = ViewModel;
			sourceTree = "<group>";
		};
		56A381582B0CD8B300E2D499 /* Model */ = {
			isa = PBXGroup;
			children = (
				56A381592B0CD8C300E2D499 /* HomeModel.swift */,
			);
			path = Model;
			sourceTree = "<group>";
		};
		56A3815B2B0CD94B00E2D499 /* Api */ = {
			isa = PBXGroup;
			children = (
				56A3815C2B0CD96E00E2D499 /* HomePageApi.swift */,
				56A3815E2B0CD9B500E2D499 /* NetworkManager.swift */,
			);
			path = Api;
			sourceTree = "<group>";
		};
/* End PBXGroup section */

/* Begin PBXNativeTarget section */
		56A381152B0C890000E2D499 /* MoviesInfoSugarBox */ = {
			isa = PBXNativeTarget;
			buildConfigurationList = 56A381402B0C890200E2D499 /* Build configuration list for PBXNativeTarget "MoviesInfoSugarBox" */;
			buildPhases = (
				56A381122B0C890000E2D499 /* Sources */,
				56A381132B0C890000E2D499 /* Frameworks */,
				56A381142B0C890000E2D499 /* Resources */,
			);
			buildRules = (
			);
			dependencies = (
			);
			name = MoviesInfoSugarBox;
			productName = MoviesInfoSugarBox;
			productReference = 56A381162B0C890000E2D499 /* MoviesInfoSugarBox.app */;
			productType = "com.apple.product-type.application";
		};
		56A3812B2B0C890200E2D499 /* MoviesInfoSugarBoxTests */ = {
			isa = PBXNativeTarget;
			buildConfigurationList = 56A381432B0C890200E2D499 /* Build configuration list for PBXNativeTarget "MoviesInfoSugarBoxTests" */;
			buildPhases = (
				56A381282B0C890200E2D499 /* Sources */,
				56A381292B0C890200E2D499 /* Frameworks */,
				56A3812A2B0C890200E2D499 /* Resources */,
			);
			buildRules = (
			);
			dependencies = (
				56A3812E2B0C890200E2D499 /* PBXTargetDependency */,
			);
			name = MoviesInfoSugarBoxTests;
			productName = MoviesInfoSugarBoxTests;
			productReference = 56A3812C2B0C890200E2D499 /* MoviesInfoSugarBoxTests.xctest */;
			productType = "com.apple.product-type.bundle.unit-test";
		};
		56A381352B0C890200E2D499 /* MoviesInfoSugarBoxUITests */ = {
			isa = PBXNativeTarget;
			buildConfigurationList = 56A381462B0C890200E2D499 /* Build configuration list for PBXNativeTarget "MoviesInfoSugarBoxUITests" */;
			buildPhases = (
				56A381322B0C890200E2D499 /* Sources */,
				56A381332B0C890200E2D499 /* Frameworks */,
				56A381342B0C890200E2D499 /* Resources */,
			);
			buildRules = (
			);
			dependencies = (
				56A381382B0C890200E2D499 /* PBXTargetDependency */,
			);
			name = MoviesInfoSugarBoxUITests;
			productName = MoviesInfoSugarBoxUITests;
			productReference = 56A381362B0C890200E2D499 /* MoviesInfoSugarBoxUITests.xctest */;
			productType = "com.apple.product-type.bundle.ui-testing";
		};
/* End PBXNativeTarget section */

/* Begin PBXProject section */
		56A3810E2B0C890000E2D499 /* Project object */ = {
			isa = PBXProject;
			attributes = {
				BuildIndependentTargetsInParallel = 1;
				LastSwiftUpdateCheck = 1420;
				LastUpgradeCheck = 1420;
				TargetAttributes = {
					56A381152B0C890000E2D499 = {
						CreatedOnToolsVersion = 14.2;
					};
					56A3812B2B0C890200E2D499 = {
						CreatedOnToolsVersion = 14.2;
						TestTargetID = 56A381152B0C890000E2D499;
					};
					56A381352B0C890200E2D499 = {
						CreatedOnToolsVersion = 14.2;
						TestTargetID = 56A381152B0C890000E2D499;
					};
				};
			};
			buildConfigurationList = 56A381112B0C890000E2D499 /* Build configuration list for PBXProject "MoviesInfoSugarBox" */;
			compatibilityVersion = "Xcode 14.0";
			developmentRegion = en;
			hasScannedForEncodings = 0;
			knownRegions = (
				en,
				Base,
			);
			mainGroup = 56A3810D2B0C890000E2D499;
			productRefGroup = 56A381172B0C890000E2D499 /* Products */;
			projectDirPath = "";
			projectRoot = "";
			targets = (
				56A381152B0C890000E2D499 /* MoviesInfoSugarBox */,
				56A3812B2B0C890200E2D499 /* MoviesInfoSugarBoxTests */,
				56A381352B0C890200E2D499 /* MoviesInfoSugarBoxUITests */,
			);
		};
/* End PBXProject section */

/* Begin PBXResourcesBuildPhase section */
		56A381142B0C890000E2D499 /* Resources */ = {
			isa = PBXResourcesBuildPhase;
			buildActionMask = 2147483647;
			files = (
				56A381262B0C890200E2D499 /* LaunchScreen.storyboard in Resources */,
				56A381232B0C890200E2D499 /* Assets.xcassets in Resources */,
				56A381212B0C890000E2D499 /* Main.storyboard in Resources */,
			);
			runOnlyForDeploymentPostprocessing = 0;
		};
		56A3812A2B0C890200E2D499 /* Resources */ = {
			isa = PBXResourcesBuildPhase;
			buildActionMask = 2147483647;
			files = (
			);
			runOnlyForDeploymentPostprocessing = 0;
		};
		56A381342B0C890200E2D499 /* Resources */ = {
			isa = PBXResourcesBuildPhase;
			buildActionMask = 2147483647;
			files = (
			);
			runOnlyForDeploymentPostprocessing = 0;
		};
/* End PBXResourcesBuildPhase section */

/* Begin PBXSourcesBuildPhase section */
		56A381122B0C890000E2D499 /* Sources */ = {
			isa = PBXSourcesBuildPhase;
			buildActionMask = 2147483647;
			files = (
				56A3815F2B0CD9B500E2D499 /* NetworkManager.swift in Sources */,
				56A3811E2B0C890000E2D499 /* ViewController.swift in Sources */,
				56A3811A2B0C890000E2D499 /* AppDelegate.swift in Sources */,
				56A3814E2B0CC9FB00E2D499 /* BaseTableTableViewController.swift in Sources */,
				56A381552B0CCC6400E2D499 /* HomeViewModel.swift in Sources */,
				56A381522B0CCA7F00E2D499 /* CellProtocol.swift in Sources */,
				56A381572B0CCC8C00E2D499 /* SongsModel.swift in Sources */,
				56A3811C2B0C890000E2D499 /* SceneDelegate.swift in Sources */,
				56A3814B2B0CAA9400E2D499 /* HomeViewController.swift in Sources */,
				56A3815D2B0CD96E00E2D499 /* HomePageApi.swift in Sources */,
				56A3815A2B0CD8C300E2D499 /* HomeModel.swift in Sources */,
				56A381502B0CCA2800E2D499 /* BaseViewModel.swift in Sources */,
			);
			runOnlyForDeploymentPostprocessing = 0;
		};
		56A381282B0C890200E2D499 /* Sources */ = {
			isa = PBXSourcesBuildPhase;
			buildActionMask = 2147483647;
			files = (
				56A381312B0C890200E2D499 /* MoviesInfoSugarBoxTests.swift in Sources */,
			);
			runOnlyForDeploymentPostprocessing = 0;
		};
		56A381322B0C890200E2D499 /* Sources */ = {
			isa = PBXSourcesBuildPhase;
			buildActionMask = 2147483647;
			files = (
				56A3813D2B0C890200E2D499 /* MoviesInfoSugarBoxUITestsLaunchTests.swift in Sources */,
				56A3813B2B0C890200E2D499 /* MoviesInfoSugarBoxUITests.swift in Sources */,
			);
			runOnlyForDeploymentPostprocessing = 0;
		};
/* End PBXSourcesBuildPhase section */

/* Begin PBXTargetDependency section */
		56A3812E2B0C890200E2D499 /* PBXTargetDependency */ = {
			isa = PBXTargetDependency;
			target = 56A381152B0C890000E2D499 /* MoviesInfoSugarBox */;
			targetProxy = 56A3812D2B0C890200E2D499 /* PBXContainerItemProxy */;
		};
		56A381382B0C890200E2D499 /* PBXTargetDependency */ = {
			isa = PBXTargetDependency;
			target = 56A381152B0C890000E2D499 /* MoviesInfoSugarBox */;
			targetProxy = 56A381372B0C890200E2D499 /* PBXContainerItemProxy */;
		};
/* End PBXTargetDependency section */

/* Begin PBXVariantGroup section */
		56A3811F2B0C890000E2D499 /* Main.storyboard */ = {
			isa = PBXVariantGroup;
			children = (
				56A381202B0C890000E2D499 /* Base */,
			);
			name = Main.storyboard;
			sourceTree = "<group>";
		};
		56A381242B0C890200E2D499 /* LaunchScreen.storyboard */ = {
			isa = PBXVariantGroup;
			children = (
				56A381252B0C890200E2D499 /* Base */,
			);
			name = LaunchScreen.storyboard;
			sourceTree = "<group>";
		};
/* End PBXVariantGroup section */

/* Begin XCBuildConfiguration section */
		56A3813E2B0C890200E2D499 /* Debug */ = {
			isa = XCBuildConfiguration;
			buildSettings = {
				ALWAYS_SEARCH_USER_PATHS = NO;
				CLANG_ANALYZER_NONNULL = YES;
				CLANG_ANALYZER_NUMBER_OBJECT_CONVERSION = YES_AGGRESSIVE;
				CLANG_CXX_LANGUAGE_STANDARD = "gnu++20";
				CLANG_ENABLE_MODULES = YES;
				CLANG_ENABLE_OBJC_ARC = YES;
				CLANG_ENABLE_OBJC_WEAK = YES;
				CLANG_WARN_BLOCK_CAPTURE_AUTORELEASING = YES;
				CLANG_WARN_BOOL_CONVERSION = YES;
				CLANG_WARN_COMMA = YES;
				CLANG_WARN_CONSTANT_CONVERSION = YES;
				CLANG_WARN_DEPRECATED_OBJC_IMPLEMENTATIONS = YES;
				CLANG_WARN_DIRECT_OBJC_ISA_USAGE = YES_ERROR;
				CLANG_WARN_DOCUMENTATION_COMMENTS = YES;
				CLANG_WARN_EMPTY_BODY = YES;
				CLANG_WARN_ENUM_CONVERSION = YES;
				CLANG_WARN_INFINITE_RECURSION = YES;
				CLANG_WARN_INT_CONVERSION = YES;
				CLANG_WARN_NON_LITERAL_NULL_CONVERSION = YES;
				CLANG_WARN_OBJC_IMPLICIT_RETAIN_SELF = YES;
				CLANG_WARN_OBJC_LITERAL_CONVERSION = YES;
				CLANG_WARN_OBJC_ROOT_CLASS = YES_ERROR;
				CLANG_WARN_QUOTED_INCLUDE_IN_FRAMEWORK_HEADER = YES;
				CLANG_WARN_RANGE_LOOP_ANALYSIS = YES;
				CLANG_WARN_STRICT_PROTOTYPES = YES;
				CLANG_WARN_SUSPICIOUS_MOVE = YES;
				CLANG_WARN_UNGUARDED_AVAILABILITY = YES_AGGRESSIVE;
				CLANG_WARN_UNREACHABLE_CODE = YES;
				CLANG_WARN__DUPLICATE_METHOD_MATCH = YES;
				COPY_PHASE_STRIP = NO;
				DEBUG_INFORMATION_FORMAT = dwarf;
				ENABLE_STRICT_OBJC_MSGSEND = YES;
				ENABLE_TESTABILITY = YES;
				GCC_C_LANGUAGE_STANDARD = gnu11;
				GCC_DYNAMIC_NO_PIC = NO;
				GCC_NO_COMMON_BLOCKS = YES;
				GCC_OPTIMIZATION_LEVEL = 0;
				GCC_PREPROCESSOR_DEFINITIONS = (
					"DEBUG=1",
					"$(inherited)",
				);
				GCC_WARN_64_TO_32_BIT_CONVERSION = YES;
				GCC_WARN_ABOUT_RETURN_TYPE = YES_ERROR;
				GCC_WARN_UNDECLARED_SELECTOR = YES;
				GCC_WARN_UNINITIALIZED_AUTOS = YES_AGGRESSIVE;
				GCC_WARN_UNUSED_FUNCTION = YES;
				GCC_WARN_UNUSED_VARIABLE = YES;
				IPHONEOS_DEPLOYMENT_TARGET = 16.2;
				MTL_ENABLE_DEBUG_INFO = INCLUDE_SOURCE;
				MTL_FAST_MATH = YES;
				ONLY_ACTIVE_ARCH = YES;
				SDKROOT = iphoneos;
				SWIFT_ACTIVE_COMPILATION_CONDITIONS = DEBUG;
				SWIFT_OPTIMIZATION_LEVEL = "-Onone";
			};
			name = Debug;
		};
		56A3813F2B0C890200E2D499 /* Release */ = {
			isa = XCBuildConfiguration;
			buildSettings = {
				ALWAYS_SEARCH_USER_PATHS = NO;
				CLANG_ANALYZER_NONNULL = YES;
				CLANG_ANALYZER_NUMBER_OBJECT_CONVERSION = YES_AGGRESSIVE;
				CLANG_CXX_LANGUAGE_STANDARD = "gnu++20";
				CLANG_ENABLE_MODULES = YES;
				CLANG_ENABLE_OBJC_ARC = YES;
				CLANG_ENABLE_OBJC_WEAK = YES;
				CLANG_WARN_BLOCK_CAPTURE_AUTORELEASING = YES;
				CLANG_WARN_BOOL_CONVERSION = YES;
				CLANG_WARN_COMMA = YES;
				CLANG_WARN_CONSTANT_CONVERSION = YES;
				CLANG_WARN_DEPRECATED_OBJC_IMPLEMENTATIONS = YES;
				CLANG_WARN_DIRECT_OBJC_ISA_USAGE = YES_ERROR;
				CLANG_WARN_DOCUMENTATION_COMMENTS = YES;
				CLANG_WARN_EMPTY_BODY = YES;
				CLANG_WARN_ENUM_CONVERSION = YES;
				CLANG_WARN_INFINITE_RECURSION = YES;
				CLANG_WARN_INT_CONVERSION = YES;
				CLANG_WARN_NON_LITERAL_NULL_CONVERSION = YES;
				CLANG_WARN_OBJC_IMPLICIT_RETAIN_SELF = YES;
				CLANG_WARN_OBJC_LITERAL_CONVERSION = YES;
				CLANG_WARN_OBJC_ROOT_CLASS = YES_ERROR;
				CLANG_WARN_QUOTED_INCLUDE_IN_FRAMEWORK_HEADER = YES;
				CLANG_WARN_RANGE_LOOP_ANALYSIS = YES;
				CLANG_WARN_STRICT_PROTOTYPES = YES;
				CLANG_WARN_SUSPICIOUS_MOVE = YES;
				CLANG_WARN_UNGUARDED_AVAILABILITY = YES_AGGRESSIVE;
				CLANG_WARN_UNREACHABLE_CODE = YES;
				CLANG_WARN__DUPLICATE_METHOD_MATCH = YES;
				COPY_PHASE_STRIP = NO;
				DEBUG_INFORMATION_FORMAT = "dwarf-with-dsym";
				ENABLE_NS_ASSERTIONS = NO;
				ENABLE_STRICT_OBJC_MSGSEND = YES;
				GCC_C_LANGUAGE_STANDARD = gnu11;
				GCC_NO_COMMON_BLOCKS = YES;
				GCC_WARN_64_TO_32_BIT_CONVERSION = YES;
				GCC_WARN_ABOUT_RETURN_TYPE = YES_ERROR;
				GCC_WARN_UNDECLARED_SELECTOR = YES;
				GCC_WARN_UNINITIALIZED_AUTOS = YES_AGGRESSIVE;
				GCC_WARN_UNUSED_FUNCTION = YES;
				GCC_WARN_UNUSED_VARIABLE = YES;
				IPHONEOS_DEPLOYMENT_TARGET = 16.2;
				MTL_ENABLE_DEBUG_INFO = NO;
				MTL_FAST_MATH = YES;
				SDKROOT = iphoneos;
				SWIFT_COMPILATION_MODE = wholemodule;
				SWIFT_OPTIMIZATION_LEVEL = "-O";
				VALIDATE_PRODUCT = YES;
			};
			name = Release;
		};
		56A381412B0C890200E2D499 /* Debug */ = {
			isa = XCBuildConfiguration;
			buildSettings = {
				ASSETCATALOG_COMPILER_APPICON_NAME = AppIcon;
				ASSETCATALOG_COMPILER_GLOBAL_ACCENT_COLOR_NAME = AccentColor;
				CODE_SIGN_STYLE = Automatic;
				CURRENT_PROJECT_VERSION = 1;
				GENERATE_INFOPLIST_FILE = YES;
				INFOPLIST_FILE = MoviesInfoSugarBox/Info.plist;
				INFOPLIST_KEY_UIApplicationSupportsIndirectInputEvents = YES;
				INFOPLIST_KEY_UILaunchStoryboardName = LaunchScreen;
				INFOPLIST_KEY_UIMainStoryboardFile = Main;
				INFOPLIST_KEY_UISupportedInterfaceOrientations_iPad = "UIInterfaceOrientationPortrait UIInterfaceOrientationPortraitUpsideDown UIInterfaceOrientationLandscapeLeft UIInterfaceOrientationLandscapeRight";
				INFOPLIST_KEY_UISupportedInterfaceOrientations_iPhone = "UIInterfaceOrientationPortrait UIInterfaceOrientationLandscapeLeft UIInterfaceOrientationLandscapeRight";
				LD_RUNPATH_SEARCH_PATHS = (
					"$(inherited)",
					"@executable_path/Frameworks",
				);
				MARKETING_VERSION = 1.0;
				PRODUCT_BUNDLE_IDENTIFIER = com.kdp.sugarbox.MoviesInfoSugarBox;
				PRODUCT_NAME = "$(TARGET_NAME)";
				SWIFT_EMIT_LOC_STRINGS = YES;
				SWIFT_VERSION = 5.0;
				TARGETED_DEVICE_FAMILY = "1,2";
			};
			name = Debug;
		};
		56A381422B0C890200E2D499 /* Release */ = {
			isa = XCBuildConfiguration;
			buildSettings = {
				ASSETCATALOG_COMPILER_APPICON_NAME = AppIcon;
				ASSETCATALOG_COMPILER_GLOBAL_ACCENT_COLOR_NAME = AccentColor;
				CODE_SIGN_STYLE = Automatic;
				CURRENT_PROJECT_VERSION = 1;
				GENERATE_INFOPLIST_FILE = YES;
				INFOPLIST_FILE = MoviesInfoSugarBox/Info.plist;
				INFOPLIST_KEY_UIApplicationSupportsIndirectInputEvents = YES;
				INFOPLIST_KEY_UILaunchStoryboardName = LaunchScreen;
				INFOPLIST_KEY_UIMainStoryboardFile = Main;
				INFOPLIST_KEY_UISupportedInterfaceOrientations_iPad = "UIInterfaceOrientationPortrait UIInterfaceOrientationPortraitUpsideDown UIInterfaceOrientationLandscapeLeft UIInterfaceOrientationLandscapeRight";
				INFOPLIST_KEY_UISupportedInterfaceOrientations_iPhone = "UIInterfaceOrientationPortrait UIInterfaceOrientationLandscapeLeft UIInterfaceOrientationLandscapeRight";
				LD_RUNPATH_SEARCH_PATHS = (
					"$(inherited)",
					"@executable_path/Frameworks",
				);
				MARKETING_VERSION = 1.0;
				PRODUCT_BUNDLE_IDENTIFIER = com.kdp.sugarbox.MoviesInfoSugarBox;
				PRODUCT_NAME = "$(TARGET_NAME)";
				SWIFT_EMIT_LOC_STRINGS = YES;
				SWIFT_VERSION = 5.0;
				TARGETED_DEVICE_FAMILY = "1,2";
			};
			name = Release;
		};
		56A381442B0C890200E2D499 /* Debug */ = {
			isa = XCBuildConfiguration;
			buildSettings = {
				ALWAYS_EMBED_SWIFT_STANDARD_LIBRARIES = YES;
				BUNDLE_LOADER = "$(TEST_HOST)";
				CODE_SIGN_STYLE = Automatic;
				CURRENT_PROJECT_VERSION = 1;
				GENERATE_INFOPLIST_FILE = YES;
				IPHONEOS_DEPLOYMENT_TARGET = 16.2;
				MARKETING_VERSION = 1.0;
				PRODUCT_BUNDLE_IDENTIFIER = com.kdp.sugarbox.MoviesInfoSugarBoxTests;
				PRODUCT_NAME = "$(TARGET_NAME)";
				SWIFT_EMIT_LOC_STRINGS = NO;
				SWIFT_VERSION = 5.0;
				TARGETED_DEVICE_FAMILY = "1,2";
				TEST_HOST = "$(BUILT_PRODUCTS_DIR)/MoviesInfoSugarBox.app/$(BUNDLE_EXECUTABLE_FOLDER_PATH)/MoviesInfoSugarBox";
			};
			name = Debug;
		};
		56A381452B0C890200E2D499 /* Release */ = {
			isa = XCBuildConfiguration;
			buildSettings = {
				ALWAYS_EMBED_SWIFT_STANDARD_LIBRARIES = YES;
				BUNDLE_LOADER = "$(TEST_HOST)";
				CODE_SIGN_STYLE = Automatic;
				CURRENT_PROJECT_VERSION = 1;
				GENERATE_INFOPLIST_FILE = YES;
				IPHONEOS_DEPLOYMENT_TARGET = 16.2;
				MARKETING_VERSION = 1.0;
				PRODUCT_BUNDLE_IDENTIFIER = com.kdp.sugarbox.MoviesInfoSugarBoxTests;
				PRODUCT_NAME = "$(TARGET_NAME)";
				SWIFT_EMIT_LOC_STRINGS = NO;
				SWIFT_VERSION = 5.0;
				TARGETED_DEVICE_FAMILY = "1,2";
				TEST_HOST = "$(BUILT_PRODUCTS_DIR)/MoviesInfoSugarBox.app/$(BUNDLE_EXECUTABLE_FOLDER_PATH)/MoviesInfoSugarBox";
			};
			name = Release;
		};
		56A381472B0C890200E2D499 /* Debug */ = {
			isa = XCBuildConfiguration;
			buildSettings = {
				ALWAYS_EMBED_SWIFT_STANDARD_LIBRARIES = YES;
				CODE_SIGN_STYLE = Automatic;
				CURRENT_PROJECT_VERSION = 1;
				GENERATE_INFOPLIST_FILE = YES;
				MARKETING_VERSION = 1.0;
				PRODUCT_BUNDLE_IDENTIFIER = com.kdp.sugarbox.MoviesInfoSugarBoxUITests;
				PRODUCT_NAME = "$(TARGET_NAME)";
				SWIFT_EMIT_LOC_STRINGS = NO;
				SWIFT_VERSION = 5.0;
				TARGETED_DEVICE_FAMILY = "1,2";
				TEST_TARGET_NAME = MoviesInfoSugarBox;
			};
			name = Debug;
		};
		56A381482B0C890200E2D499 /* Release */ = {
			isa = XCBuildConfiguration;
			buildSettings = {
				ALWAYS_EMBED_SWIFT_STANDARD_LIBRARIES = YES;
				CODE_SIGN_STYLE = Automatic;
				CURRENT_PROJECT_VERSION = 1;
				GENERATE_INFOPLIST_FILE = YES;
				MARKETING_VERSION = 1.0;
				PRODUCT_BUNDLE_IDENTIFIER = com.kdp.sugarbox.MoviesInfoSugarBoxUITests;
				PRODUCT_NAME = "$(TARGET_NAME)";
				SWIFT_EMIT_LOC_STRINGS = NO;
				SWIFT_VERSION = 5.0;
				TARGETED_DEVICE_FAMILY = "1,2";
				TEST_TARGET_NAME = MoviesInfoSugarBox;
			};
			name = Release;
		};
/* End XCBuildConfiguration section */

/* Begin XCConfigurationList section */
		56A381112B0C890000E2D499 /* Build configuration list for PBXProject "MoviesInfoSugarBox" */ = {
			isa = XCConfigurationList;
			buildConfigurations = (
				56A3813E2B0C890200E2D499 /* Debug */,
				56A3813F2B0C890200E2D499 /* Release */,
			);
			defaultConfigurationIsVisible = 0;
			defaultConfigurationName = Release;
		};
		56A381402B0C890200E2D499 /* Build configuration list for PBXNativeTarget "MoviesInfoSugarBox" */ = {
			isa = XCConfigurationList;
			buildConfigurations = (
				56A381412B0C890200E2D499 /* Debug */,
				56A381422B0C890200E2D499 /* Release */,
			);
			defaultConfigurationIsVisible = 0;
			defaultConfigurationName = Release;
		};
		56A381432B0C890200E2D499 /* Build configuration list for PBXNativeTarget "MoviesInfoSugarBoxTests" */ = {
			isa = XCConfigurationList;
			buildConfigurations = (
				56A381442B0C890200E2D499 /* Debug */,
				56A381452B0C890200E2D499 /* Release */,
			);
			defaultConfigurationIsVisible = 0;
			defaultConfigurationName = Release;
		};
		56A381462B0C890200E2D499 /* Build configuration list for PBXNativeTarget "MoviesInfoSugarBoxUITests" */ = {
			isa = XCConfigurationList;
			buildConfigurations = (
				56A381472B0C890200E2D499 /* Debug */,
				56A381482B0C890200E2D499 /* Release */,
			);
			defaultConfigurationIsVisible = 0;
			defaultConfigurationName = Release;
		};
/* End XCConfigurationList section */
	};
	rootObject = 56A3810E2B0C890000E2D499 /* Project object */;
}
